
Microsoft Visual Studio Solution File, Format Version 12.00
# Visual Studio Version 16
VisualStudioVersion = 16.0.32802.440
MinimumVisualStudioVersion = 10.0.40219.1
Project("{FAE04EC0-301F-11D3-BF4B-00C04F79EFBC}") = "FilmYonetimPaneli", "FilmYonetimPaneli\FilmYonetimPaneli.csproj", "{96313A5F-EE79-4577-8E1C-5AFB4473259D}"
EndProject
Project("{FAE04EC0-301F-11D3-BF4B-00C04F79EFBC}") = "Entities", "Entities\Entities.csproj", "{EC3E1B3C-68FC-4A90-B33E-8621D1A1A245}"
EndProject
Project("{FAE04EC0-301F-11D3-BF4B-00C04F79EFBC}") = "DataAccess", "DataAccess\DataAccess.csproj", "{7C2A9409-71F0-4A9D-9799-A156EDE9103B}"
EndProject
Project("{FAE04EC0-301F-11D3-BF4B-00C04F79EFBC}") = "Business", "Business\Business.csproj", "{535F7D6A-4905-4799-8C7C-84F5CA30B769}"
EndProject
Project("{FAE04EC0-301F-11D3-BF4B-00C04F79EFBC}") = "Core", "Core\Core.csproj", "{56B0455A-3AAD-4CA9-8D20-92BEEE9CA108}"
EndProject
Global
	GlobalSection(SolutionConfigurationPlatforms) = preSolution
		Debug|Any CPU = Debug|Any CPU
		Release|Any CPU = Release|Any CPU
	EndGlobalSection
	GlobalSection(ProjectConfigurationPlatforms) = postSolution
		{96313A5F-EE79-4577-8E1C-5AFB4473259D}.Debug|Any CPU.ActiveCfg = Debug|Any CPU
		{96313A5F-EE79-4577-8E1C-5AFB4473259D}.Debug|Any CPU.Build.0 = Debug|Any CPU
		{96313A5F-EE79-4577-8E1C-5AFB4473259D}.Release|Any CPU.ActiveCfg = Release|Any CPU
		{96313A5F-EE79-4577-8E1C-5AFB4473259D}.Release|Any CPU.Build.0 = Release|Any CPU
		{EC3E1B3C-68FC-4A90-B33E-8621D1A1A245}.Debug|Any CPU.ActiveCfg = Debug|Any CPU
		{EC3E1B3C-68FC-4A90-B33E-8621D1A1A245}.Debug|Any CPU.Build.0 = Debug|Any CPU
		{EC3E1B3C-68FC-4A90-B33E-8621D1A1A245}.Release|Any CPU.ActiveCfg = Release|Any CPU
		{EC3E1B3C-68FC-4A90-B33E-8621D1A1A245}.Release|Any CPU.Build.0 = Release|Any CPU
		{7C2A9409-71F0-4A9D-9799-A156EDE9103B}.Debug|Any CPU.ActiveCfg = Debug|Any CPU
		{7C2A9409-71F0-4A9D-9799-A156EDE9103B}.Debug|Any CPU.Build.0 = Debug|Any CPU
		{7C2A9409-71F0-4A9D-9799-A156EDE9103B}.Release|Any CPU.ActiveCfg = Release|Any CPU
		{7C2A9409-71F0-4A9D-9799-A156EDE9103B}.Release|Any CPU.Build.0 = Release|Any CPU
		{535F7D6A-4905-4799-8C7C-84F5CA30B769}.Debug|Any CPU.ActiveCfg = Debug|Any CPU
		{535F7D6A-4905-4799-8C7C-84F5CA30B769}.Debug|Any CPU.Build.0 = Debug|Any CPU
		{535F7D6A-4905-4799-8C7C-84F5CA30B769}.Release|Any CPU.ActiveCfg = Release|Any CPU
		{535F7D6A-4905-4799-8C7C-84F5CA30B769}.Release|Any CPU.Build.0 = Release|Any CPU
		{56B0455A-3AAD-4CA9-8D20-92BEEE9CA108}.Debug|Any CPU.ActiveCfg = Debug|Any CPU
		{56B0455A-3AAD-4CA9-8D20-92BEEE9CA108}.Debug|Any CPU.Build.0 = Debug|Any CPU
		{56B0455A-3AAD-4CA9-8D20-92BEEE9CA108}.Release|Any CPU.ActiveCfg = Release|Any CPU
		{56B0455A-3AAD-4CA9-8D20-92BEEE9CA108}.Release|Any CPU.Build.0 = Release|Any CPU
	EndGlobalSection
	GlobalSection(SolutionProperties) = preSolution
		HideSolutionNode = FALSE
	EndGlobalSection
	GlobalSection(ExtensibilityGlobals) = postSolution
		SolutionGuid = {AF5621CE-B978-489F-9F38-3579AEC904DB}
	EndGlobalSection
EndGlobal
